{
  "name": "web",
  "lockfileVersion": 3,
  "requires": true,
  "packages": {
    "": {
      "dependencies": {
        "@augmentcode/auggie": "^0.28.0"
      }
    },
    "node_modules/@augmentcode/auggie": {
      "version": "0.28.0",
      "resolved": "https://registry.npmjs.org/@augmentcode/auggie/-/auggie-0.28.0.tgz",
      "integrity": "sha512-U9GXwYRvv/73JOOVKGyXQBkpjvErnQsC6MitN0zbhGIxe5fi8FDLjvy2/UW4C9zGTEUNMpqBnU/SZBITiqGkYw==",
      "license": "SEE LICENSE IN LICENSE.md",
      "bin": {
        "auggie": "augment.mjs"
      },
      "engines": {
        "node": ">=20.0.0"
      }
    }
  }
}
